# This file is generated by running "yarn install" inside your project.
# Manual changes might be lost - proceed with caution!

__metadata:
  version: 6
  cacheKey: 8

"@babel/code-frame@npm:^7.16.7, @babel/code-frame@npm:^7.21.4":
  version: 7.21.4
  resolution: "@babel/code-frame@npm:7.21.4"
  dependencies:
    "@babel/highlight": ^7.18.6
  checksum: e5390e6ec1ac58dcef01d4f18eaf1fd2f1325528661ff6d4a5de8979588b9f5a8e852a54a91b923846f7a5c681b217f0a45c2524eb9560553160cd963b7d592c
  languageName: node
  linkType: hard

"@babel/generator@npm:7.17.7":
  version: 7.17.7
  resolution: "@babel/generator@npm:7.17.7"
  dependencies:
    "@babel/types": ^7.17.0
    jsesc: ^2.5.1
    source-map: ^0.5.0
  checksum: e7344b9b4559115f2754ecc2ae9508412ea6a8f617544cd3d3f17cabc727bd30630765f96c8a4ebc8901ded1492a3a6c23d695a4f1e8f3042f860b30c891985c
  languageName: node
  linkType: hard

"@babel/generator@npm:^7.17.3":
  version: 7.21.9
  resolution: "@babel/generator@npm:7.21.9"
  dependencies:
    "@babel/types": ^7.21.5
    "@jridgewell/gen-mapping": ^0.3.2
    "@jridgewell/trace-mapping": ^0.3.17
    jsesc: ^2.5.1
  checksum: 5bd10334ebdf7f2a30eb4a1fd99d369a57703aa2234527784449187512c254a1174fa739c9d4c31bcbb6018732012a0664bec7c314f12b5ec2458737ddbb01c7
  languageName: node
  linkType: hard

"@babel/helper-environment-visitor@npm:^7.16.7":
  version: 7.21.5
  resolution: "@babel/helper-environment-visitor@npm:7.21.5"
  checksum: e436af7b62956e919066448013a3f7e2cd0b51010c26c50f790124dcd350be81d5597b4e6ed0a4a42d098a27de1e38561cd7998a116a42e7899161192deac9a6
  languageName: node
  linkType: hard

"@babel/helper-function-name@npm:^7.16.7":
  version: 7.21.0
  resolution: "@babel/helper-function-name@npm:7.21.0"
  dependencies:
    "@babel/template": ^7.20.7
    "@babel/types": ^7.21.0
  checksum: d63e63c3e0e3e8b3138fa47b0cd321148a300ef12b8ee951196994dcd2a492cc708aeda94c2c53759a5c9177fffaac0fd8778791286746f72a000976968daf4e
  languageName: node
  linkType: hard

"@babel/helper-hoist-variables@npm:^7.16.7":
  version: 7.18.6
  resolution: "@babel/helper-hoist-variables@npm:7.18.6"
  dependencies:
    "@babel/types": ^7.18.6
  checksum: fd9c35bb435fda802bf9ff7b6f2df06308a21277c6dec2120a35b09f9de68f68a33972e2c15505c1a1a04b36ec64c9ace97d4a9e26d6097b76b4396b7c5fa20f
  languageName: node
  linkType: hard

"@babel/helper-split-export-declaration@npm:^7.16.7":
  version: 7.18.6
  resolution: "@babel/helper-split-export-declaration@npm:7.18.6"
  dependencies:
    "@babel/types": ^7.18.6
  checksum: c6d3dede53878f6be1d869e03e9ffbbb36f4897c7cc1527dc96c56d127d834ffe4520a6f7e467f5b6f3c2843ea0e81a7819d66ae02f707f6ac057f3d57943a2b
  languageName: node
  linkType: hard

"@babel/helper-string-parser@npm:^7.21.5":
  version: 7.21.5
  resolution: "@babel/helper-string-parser@npm:7.21.5"
  checksum: 36c0ded452f3858e67634b81960d4bde1d1cd2a56b82f4ba2926e97864816021c885f111a7cf81de88a0ed025f49d84a393256700e9acbca2d99462d648705d8
  languageName: node
  linkType: hard

"@babel/helper-validator-identifier@npm:^7.16.7, @babel/helper-validator-identifier@npm:^7.18.6, @babel/helper-validator-identifier@npm:^7.19.1":
  version: 7.19.1
  resolution: "@babel/helper-validator-identifier@npm:7.19.1"
  checksum: 0eca5e86a729162af569b46c6c41a63e18b43dbe09fda1d2a3c8924f7d617116af39cac5e4cd5d431bb760b4dca3c0970e0c444789b1db42bcf1fa41fbad0a3a
  languageName: node
  linkType: hard

"@babel/highlight@npm:^7.18.6":
  version: 7.18.6
  resolution: "@babel/highlight@npm:7.18.6"
  dependencies:
    "@babel/helper-validator-identifier": ^7.18.6
    chalk: ^2.0.0
    js-tokens: ^4.0.0
  checksum: 92d8ee61549de5ff5120e945e774728e5ccd57fd3b2ed6eace020ec744823d4a98e242be1453d21764a30a14769ecd62170fba28539b211799bbaf232bbb2789
  languageName: node
  linkType: hard

"@babel/parser@npm:^7.17.3, @babel/parser@npm:^7.20.5, @babel/parser@npm:^7.21.9":
  version: 7.21.9
  resolution: "@babel/parser@npm:7.21.9"
  bin:
    parser: ./bin/babel-parser.js
  checksum: 985ccc311eb286a320331fd21ff54d94935df76e081abdb304cd4591ea2051a6c799c6b0d8e26d09a9dd041797d9a91ebadeb0c50699d0101bd39fc565082d5c
  languageName: node
  linkType: hard

"@babel/template@npm:^7.20.7":
  version: 7.21.9
  resolution: "@babel/template@npm:7.21.9"
  dependencies:
    "@babel/code-frame": ^7.21.4
    "@babel/parser": ^7.21.9
    "@babel/types": ^7.21.5
  checksum: 6ec2c60d4d53b2a9230ab82c399ba6525df87e9a4e01e4b111e071cbad283b1362e7c99a1bc50027073f44f2de36a495a89c27112c4e7efe7ef9c8d9c84de2ec
  languageName: node
  linkType: hard

"@babel/traverse@npm:7.17.3":
  version: 7.17.3
  resolution: "@babel/traverse@npm:7.17.3"
  dependencies:
    "@babel/code-frame": ^7.16.7
    "@babel/generator": ^7.17.3
    "@babel/helper-environment-visitor": ^7.16.7
    "@babel/helper-function-name": ^7.16.7
    "@babel/helper-hoist-variables": ^7.16.7
    "@babel/helper-split-export-declaration": ^7.16.7
    "@babel/parser": ^7.17.3
    "@babel/types": ^7.17.0
    debug: ^4.1.0
    globals: ^11.1.0
  checksum: 780d7ecf711758174989794891af08d378f81febdb8932056c0d9979524bf0298e28f8e7708a872d7781151506c28f56c85c63ea3f1f654662c2fcb8a3eb9fdc
  languageName: node
  linkType: hard

"@babel/types@npm:7.17.0":
  version: 7.17.0
  resolution: "@babel/types@npm:7.17.0"
  dependencies:
    "@babel/helper-validator-identifier": ^7.16.7
    to-fast-properties: ^2.0.0
  checksum: 12e5a287986fe557188e87b2c5202223f1dc83d9239a196ab936fdb9f8c1eb0be717ff19f934b5fad4e29a75586d5798f74bed209bccea1c20376b9952056f0e
  languageName: node
  linkType: hard

"@babel/types@npm:^7.17.0, @babel/types@npm:^7.18.6, @babel/types@npm:^7.21.0, @babel/types@npm:^7.21.5, @babel/types@npm:^7.8.3":
  version: 7.21.5
  resolution: "@babel/types@npm:7.21.5"
  dependencies:
    "@babel/helper-string-parser": ^7.21.5
    "@babel/helper-validator-identifier": ^7.19.1
    to-fast-properties: ^2.0.0
  checksum: 43242a99c612d13285ee4af46cc0f1066bcb6ffd38307daef7a76e8c70f36cfc3255eb9e75c8e768b40e761176c313aec4d5c0b9d97a21e494d49d5fd123a9f7
  languageName: node
  linkType: hard

"@jridgewell/gen-mapping@npm:^0.3.2":
  version: 0.3.3
  resolution: "@jridgewell/gen-mapping@npm:0.3.3"
  dependencies:
    "@jridgewell/set-array": ^1.0.1
    "@jridgewell/sourcemap-codec": ^1.4.10
    "@jridgewell/trace-mapping": ^0.3.9
  checksum: 4a74944bd31f22354fc01c3da32e83c19e519e3bbadafa114f6da4522ea77dd0c2842607e923a591d60a76699d819a2fbb6f3552e277efdb9b58b081390b60ab
  languageName: node
  linkType: hard

"@jridgewell/resolve-uri@npm:3.1.0":
  version: 3.1.0
  resolution: "@jridgewell/resolve-uri@npm:3.1.0"
  checksum: b5ceaaf9a110fcb2780d1d8f8d4a0bfd216702f31c988d8042e5f8fbe353c55d9b0f55a1733afdc64806f8e79c485d2464680ac48a0d9fcadb9548ee6b81d267
  languageName: node
  linkType: hard

"@jridgewell/set-array@npm:^1.0.1":
  version: 1.1.2
  resolution: "@jridgewell/set-array@npm:1.1.2"
  checksum: 69a84d5980385f396ff60a175f7177af0b8da4ddb81824cb7016a9ef914eee9806c72b6b65942003c63f7983d4f39a5c6c27185bbca88eb4690b62075602e28e
  languageName: node
  linkType: hard

"@jridgewell/sourcemap-codec@npm:1.4.14":
  version: 1.4.14
  resolution: "@jridgewell/sourcemap-codec@npm:1.4.14"
  checksum: 61100637b6d173d3ba786a5dff019e1a74b1f394f323c1fee337ff390239f053b87266c7a948777f4b1ee68c01a8ad0ab61e5ff4abb5a012a0b091bec391ab97
  languageName: node
  linkType: hard

"@jridgewell/sourcemap-codec@npm:^1.4.10":
  version: 1.4.15
  resolution: "@jridgewell/sourcemap-codec@npm:1.4.15"
  checksum: b881c7e503db3fc7f3c1f35a1dd2655a188cc51a3612d76efc8a6eb74728bef5606e6758ee77423e564092b4a518aba569bbb21c9bac5ab7a35b0c6ae7e344c8
  languageName: node
  linkType: hard

"@jridgewell/trace-mapping@npm:^0.3.17, @jridgewell/trace-mapping@npm:^0.3.9":
  version: 0.3.18
  resolution: "@jridgewell/trace-mapping@npm:0.3.18"
  dependencies:
    "@jridgewell/resolve-uri": 3.1.0
    "@jridgewell/sourcemap-codec": 1.4.14
  checksum: 0572669f855260808c16fe8f78f5f1b4356463b11d3f2c7c0b5580c8ba1cbf4ae53efe9f627595830856e57dbac2325ac17eb0c3dd0ec42102e6f227cc289c02
  languageName: node
  linkType: hard

"@leonardo-marziali/prettier-config-tailwind@workspace:.":
  version: 0.0.0-use.local
  resolution: "@leonardo-marziali/prettier-config-tailwind@workspace:."
  dependencies:
    "@trivago/prettier-plugin-sort-imports": ^4.1.1
    prettier: ^2.8.8
    prettier-plugin-organize-imports: ^3.2.2
    prettier-plugin-tailwindcss: ^0.3.0
    typescript: ^5.0.4
  peerDependencies:
    "@trivago/prettier-plugin-sort-imports": "*"
    prettier-plugin-organize-imports: "*"
    prettier-plugin-tailwindcss: "*"
    typescript: "*"
  languageName: unknown
  linkType: soft

"@trivago/prettier-plugin-sort-imports@npm:^4.1.1":
  version: 4.1.1
  resolution: "@trivago/prettier-plugin-sort-imports@npm:4.1.1"
  dependencies:
    "@babel/generator": 7.17.7
    "@babel/parser": ^7.20.5
    "@babel/traverse": 7.17.3
    "@babel/types": 7.17.0
    javascript-natural-sort: 0.7.1
    lodash: ^4.17.21
  peerDependencies:
    "@vue/compiler-sfc": 3.x
    prettier: 2.x
  peerDependenciesMeta:
    "@vue/compiler-sfc":
      optional: true
  checksum: 09b4c3c3f4a9e7883737acf92ae7f2a59eb3f7a6f104621a883bdb2a962dcf98398891489267a6fdbba1227a3484676f8d7470e1b3bc6422b4f457382fd030ce
  languageName: node
  linkType: hard

"ansi-styles@npm:^3.2.1":
  version: 3.2.1
  resolution: "ansi-styles@npm:3.2.1"
  dependencies:
    color-convert: ^1.9.0
  checksum: d85ade01c10e5dd77b6c89f34ed7531da5830d2cb5882c645f330079975b716438cd7ebb81d0d6e6b4f9c577f19ae41ab55f07f19786b02f9dfd9e0377395665
  languageName: node
  linkType: hard

"chalk@npm:^2.0.0":
  version: 2.4.2
  resolution: "chalk@npm:2.4.2"
  dependencies:
    ansi-styles: ^3.2.1
    escape-string-regexp: ^1.0.5
    supports-color: ^5.3.0
  checksum: ec3661d38fe77f681200f878edbd9448821924e0f93a9cefc0e26a33b145f1027a2084bf19967160d11e1f03bfe4eaffcabf5493b89098b2782c3fe0b03d80c2
  languageName: node
  linkType: hard

"color-convert@npm:^1.9.0":
  version: 1.9.3
  resolution: "color-convert@npm:1.9.3"
  dependencies:
    color-name: 1.1.3
  checksum: fd7a64a17cde98fb923b1dd05c5f2e6f7aefda1b60d67e8d449f9328b4e53b228a428fd38bfeaeb2db2ff6b6503a776a996150b80cdf224062af08a5c8a3a203
  languageName: node
  linkType: hard

"color-name@npm:1.1.3":
  version: 1.1.3
  resolution: "color-name@npm:1.1.3"
  checksum: 09c5d3e33d2105850153b14466501f2bfb30324a2f76568a408763a3b7433b0e50e5b4ab1947868e65cb101bb7cb75029553f2c333b6d4b8138a73fcc133d69d
  languageName: node
  linkType: hard

"debug@npm:^4.1.0":
  version: 4.3.4
  resolution: "debug@npm:4.3.4"
  dependencies:
    ms: 2.1.2
  peerDependenciesMeta:
    supports-color:
      optional: true
  checksum: 3dbad3f94ea64f34431a9cbf0bafb61853eda57bff2880036153438f50fb5a84f27683ba0d8e5426bf41a8c6ff03879488120cf5b3a761e77953169c0600a708
  languageName: node
  linkType: hard

"escape-string-regexp@npm:^1.0.5":
  version: 1.0.5
  resolution: "escape-string-regexp@npm:1.0.5"
  checksum: 6092fda75c63b110c706b6a9bfde8a612ad595b628f0bd2147eea1d3406723020810e591effc7db1da91d80a71a737a313567c5abb3813e8d9c71f4aa595b410
  languageName: node
  linkType: hard

"globals@npm:^11.1.0":
  version: 11.12.0
  resolution: "globals@npm:11.12.0"
  checksum: 67051a45eca3db904aee189dfc7cd53c20c7d881679c93f6146ddd4c9f4ab2268e68a919df740d39c71f4445d2b38ee360fc234428baea1dbdfe68bbcb46979e
  languageName: node
  linkType: hard

"has-flag@npm:^3.0.0":
  version: 3.0.0
  resolution: "has-flag@npm:3.0.0"
  checksum: 4a15638b454bf086c8148979aae044dd6e39d63904cd452d970374fa6a87623423da485dfb814e7be882e05c096a7ccf1ebd48e7e7501d0208d8384ff4dea73b
  languageName: node
  linkType: hard

"javascript-natural-sort@npm:0.7.1":
  version: 0.7.1
  resolution: "javascript-natural-sort@npm:0.7.1"
  checksum: 161e2c512cc7884bc055a582c6645d9032cab88497a76123d73cb23bfb03d97a04cf7772ecdb8bd3366fc07192c2f996366f479f725c23ef073fffe03d6a586a
  languageName: node
  linkType: hard

"js-tokens@npm:^4.0.0":
  version: 4.0.0
  resolution: "js-tokens@npm:4.0.0"
  checksum: 8a95213a5a77deb6cbe94d86340e8d9ace2b93bc367790b260101d2f36a2eaf4e4e22d9fa9cf459b38af3a32fb4190e638024cf82ec95ef708680e405ea7cc78
  languageName: node
  linkType: hard

"jsesc@npm:^2.5.1":
  version: 2.5.2
  resolution: "jsesc@npm:2.5.2"
  bin:
    jsesc: bin/jsesc
  checksum: 4dc190771129e12023f729ce20e1e0bfceac84d73a85bc3119f7f938843fe25a4aeccb54b6494dce26fcf263d815f5f31acdefac7cc9329efb8422a4f4d9fa9d
  languageName: node
  linkType: hard

"lodash@npm:^4.17.21":
  version: 4.17.21
  resolution: "lodash@npm:4.17.21"
  checksum: eb835a2e51d381e561e508ce932ea50a8e5a68f4ebdd771ea240d3048244a8d13658acbd502cd4829768c56f2e16bdd4340b9ea141297d472517b83868e677f7
  languageName: node
  linkType: hard

"ms@npm:2.1.2":
  version: 2.1.2
  resolution: "ms@npm:2.1.2"
  checksum: 673cdb2c3133eb050c745908d8ce632ed2c02d85640e2edb3ace856a2266a813b30c613569bf3354fdf4ea7d1a1494add3bfa95e2713baa27d0c2c71fc44f58f
  languageName: node
  linkType: hard

"prettier-plugin-organize-imports@npm:^3.2.2":
  version: 3.2.2
  resolution: "prettier-plugin-organize-imports@npm:3.2.2"
  peerDependencies:
    "@volar/vue-language-plugin-pug": ^1.0.4
    "@volar/vue-typescript": ^1.0.4
    prettier: ">=2.0"
    typescript: ">=2.9"
  peerDependenciesMeta:
    "@volar/vue-language-plugin-pug":
      optional: true
    "@volar/vue-typescript":
      optional: true
  checksum: 28620ea73a0a518c93200c7ea17d38a26132db3f55a75954983dff3422d4dd2155515518422b7a68935736aa333b0406a51778053bd30133a57718090272bb5d
  languageName: node
  linkType: hard

"prettier-plugin-tailwindcss@npm:^0.3.0":
  version: 0.3.0
  resolution: "prettier-plugin-tailwindcss@npm:0.3.0"
  peerDependencies:
    "@ianvs/prettier-plugin-sort-imports": "*"
    "@prettier/plugin-pug": "*"
    "@shopify/prettier-plugin-liquid": "*"
    "@shufo/prettier-plugin-blade": "*"
    "@trivago/prettier-plugin-sort-imports": "*"
    prettier: ">=2.2.0"
    prettier-plugin-astro: "*"
    prettier-plugin-css-order: "*"
    prettier-plugin-import-sort: "*"
    prettier-plugin-jsdoc: "*"
    prettier-plugin-marko: "*"
    prettier-plugin-organize-attributes: "*"
    prettier-plugin-organize-imports: "*"
    prettier-plugin-style-order: "*"
    prettier-plugin-svelte: "*"
    prettier-plugin-twig-melody: "*"
  peerDependenciesMeta:
    "@ianvs/prettier-plugin-sort-imports":
      optional: true
    "@prettier/plugin-pug":
      optional: true
    "@shopify/prettier-plugin-liquid":
      optional: true
    "@shufo/prettier-plugin-blade":
      optional: true
    "@trivago/prettier-plugin-sort-imports":
      optional: true
    prettier-plugin-astro:
      optional: true
    prettier-plugin-css-order:
      optional: true
    prettier-plugin-import-sort:
      optional: true
    prettier-plugin-jsdoc:
      optional: true
    prettier-plugin-marko:
      optional: true
    prettier-plugin-organize-attributes:
      optional: true
    prettier-plugin-organize-imports:
      optional: true
    prettier-plugin-style-order:
      optional: true
    prettier-plugin-svelte:
      optional: true
    prettier-plugin-twig-melody:
      optional: true
  checksum: 007c09558433dac0c81d42fd9695f8ed17be56be2e446a03e2557f01ae8e26bb11945780f9afa4e6e90b861aad3fbfac6a65d381804273d5539e7d26b0a270c9
  languageName: node
  linkType: hard

"prettier@npm:^2.8.8":
  version: 2.8.8
  resolution: "prettier@npm:2.8.8"
  bin:
    prettier: bin-prettier.js
  checksum: b49e409431bf129dd89238d64299ba80717b57ff5a6d1c1a8b1a28b590d998a34e083fa13573bc732bb8d2305becb4c9a4407f8486c81fa7d55100eb08263cf8
  languageName: node
  linkType: hard

"source-map@npm:^0.5.0":
  version: 0.5.7
  resolution: "source-map@npm:0.5.7"
  checksum: 5dc2043b93d2f194142c7f38f74a24670cd7a0063acdaf4bf01d2964b402257ae843c2a8fa822ad5b71013b5fcafa55af7421383da919752f22ff488bc553f4d
  languageName: node
  linkType: hard

"supports-color@npm:^5.3.0":
  version: 5.5.0
  resolution: "supports-color@npm:5.5.0"
  dependencies:
    has-flag: ^3.0.0
  checksum: 95f6f4ba5afdf92f495b5a912d4abee8dcba766ae719b975c56c084f5004845f6f5a5f7769f52d53f40e21952a6d87411bafe34af4a01e65f9926002e38e1dac
  languageName: node
  linkType: hard

"to-fast-properties@npm:^2.0.0":
  version: 2.0.0
  resolution: "to-fast-properties@npm:2.0.0"
  checksum: be2de62fe58ead94e3e592680052683b1ec986c72d589e7b21e5697f8744cdbf48c266fa72f6c15932894c10187b5f54573a3bcf7da0bfd964d5caf23d436168
  languageName: node
  linkType: hard

"typescript@npm:^5.0.4":
  version: 5.0.4
  resolution: "typescript@npm:5.0.4"
  bin:
    tsc: bin/tsc
    tsserver: bin/tsserver
  checksum: 82b94da3f4604a8946da585f7d6c3025fff8410779e5bde2855ab130d05e4fd08938b9e593b6ebed165bda6ad9292b230984f10952cf82f0a0ca07bbeaa08172
  languageName: node
  linkType: hard

"typescript@patch:typescript@^5.0.4#~builtin<compat/typescript>":
  version: 5.0.4
  resolution: "typescript@patch:typescript@npm%3A5.0.4#~builtin<compat/typescript>::version=5.0.4&hash=b5f058"
  bin:
    tsc: bin/tsc
    tsserver: bin/tsserver
  checksum: d26b6ba97b6d163c55dbdffd9bbb4c211667ebebc743accfeb2c8c0154aace7afd097b51165a72a5bad2cf65a4612259344ff60f8e642362aa1695c760d303ac
  languageName: node
  linkType: hard
